// !$*UTF8*$!
{
	archiveVersion = 1;
	classes = {
	};
	objectVersion = 46;
	objects = {

/* Begin PBXBuildFile section */
		FFEC31A01C46B4EB0080A80E /* RNiTunes.h in CopyFiles */ = {isa = PBXBuildFile; fileRef = FFEC319F1C46B4EB0080A80E /* RNiTunes.h */; };
		FFEC31A21C46B4EB0080A80E /* RNiTunes.m in Sources */ = {isa = PBXBuildFile; fileRef = FFEC31A11C46B4EB0080A80E /* RNiTunes.m */; };
/* End PBXBuildFile section */

/* Begin PBXCopyFilesBuildPhase section */
		FFEC319A1C46B4EB0080A80E /* CopyFiles */ = {
			isa = PBXCopyFilesBuildPhase;
			buildActionMask = 2147483647;
			dstPath = "include/$(PRODUCT_NAME)";
			dstSubfolderSpec = 16;
			files = (
				FFEC31A01C46B4EB0080A80E /* RNiTunes.h in CopyFiles */,
			);
			runOnlyForDeploymentPostprocessing = 0;
		};
/* End PBXCopyFilesBuildPhase section */

/* Begin PBXFileReference section */
		FFEC319C1C46B4EB0080A80E /* libRNiTunes.a */ = {isa = PBXFileReference; explicitFileType = archive.ar; includeInIndex = 0; path = libRNiTunes.a; sourceTree = BUILT_PRODUCTS_DIR; };
		FFEC319F1C46B4EB0080A80E /* RNiTunes.h */ = {isa = PBXFileReference; lastKnownFileType = sourcecode.c.h; path = RNiTunes.h; sourceTree = "<group>"; };
		FFEC31A11C46B4EB0080A80E /* RNiTunes.m */ = {isa = PBXFileReference; lastKnownFileType = sourcecode.c.objc; path = RNiTunes.m; sourceTree = "<group>"; };
/* End PBXFileReference section */

/* Begin PBXFrameworksBuildPhase section */
		FFEC31991C46B4EB0080A80E /* Frameworks */ = {
			isa = PBXFrameworksBuildPhase;
			buildActionMask = 2147483647;
			files = (
			);
			runOnlyForDeploymentPostprocessing = 0;
		};
/* End PBXFrameworksBuildPhase section */

/* Begin PBXGroup section */
		FFEC31931C46B4EB0080A80E = {
			isa = PBXGroup;
			children = (
				FFEC319E1C46B4EB0080A80E /* RNiTunes */,
				FFEC319D1C46B4EB0080A80E /* Products */,
			);
			sourceTree = "<group>";
		};
		FFEC319D1C46B4EB0080A80E /* Products */ = {
			isa = PBXGroup;
			children = (
				FFEC319C1C46B4EB0080A80E /* libRNiTunes.a */,
			);
			name = Products;
			sourceTree = "<group>";
		};
		FFEC319E1C46B4EB0080A80E /* RNiTunes */ = {
			isa = PBXGroup;
			children = (
				FFEC319F1C46B4EB0080A80E /* RNiTunes.h */,
				FFEC31A11C46B4EB0080A80E /* RNiTunes.m */,
			);
			path = RNiTunes;
			sourceTree = "<group>";
		};
/* End PBXGroup section */

/* Begin PBXNativeTarget section */
		FFEC319B1C46B4EB0080A80E /* RNiTunes */ = {
			isa = PBXNativeTarget;
			buildConfigurationList = FFEC31A51C46B4EB0080A80E /* Build configuration list for PBXNativeTarget "RNiTunes" */;
			buildPhases = (
				FFEC31981C46B4EB0080A80E /* Sources */,
				FFEC31991C46B4EB0080A80E /* Frameworks */,
				FFEC319A1C46B4EB0080A80E /* CopyFiles */,
			);
			buildRules = (
			);
			dependencies = (
			);
			name = RNiTunes;
			productName = RNiTunes;
			productReference = FFEC319C1C46B4EB0080A80E /* libRNiTunes.a */;
			productType = "com.apple.product-type.library.static";
		};
/* End PBXNativeTarget section */

/* Begin PBXProject section */
		FFEC31941C46B4EB0080A80E /* Project object */ = {
			isa = PBXProject;
			attributes = {
				LastUpgradeCheck = 0710;
				ORGANIZATIONNAME = "Jénaïc Cambré";
				TargetAttributes = {
					FFEC319B1C46B4EB0080A80E = {
						CreatedOnToolsVersion = 7.1;
					};
				};
			};
			buildConfigurationList = FFEC31971C46B4EB0080A80E /* Build configuration list for PBXProject "RNiTunes" */;
			compatibilityVersion = "Xcode 3.2";
			developmentRegion = English;
			hasScannedForEncodings = 0;
			knownRegions = (
				en,
			);
			mainGroup = FFEC31931C46B4EB0080A80E;
			productRefGroup = FFEC319D1C46B4EB0080A80E /* Products */;
			projectDirPath = "";
			projectRoot = "";
			targets = (
				FFEC319B1C46B4EB0080A80E /* RNiTunes */,
			);
		};
/* End PBXProject section */

/* Begin PBXSourcesBuildPhase section */
		FFEC31981C46B4EB0080A80E /* Sources */ = {
			isa = PBXSourcesBuildPhase;
			buildActionMask = 2147483647;
			files = (
				FFEC31A21C46B4EB0080A80E /* RNiTunes.m in Sources */,
			);
			runOnlyForDeploymentPostprocessing = 0;
		};
/* End PBXSourcesBuildPhase section */

/* Begin XCBuildConfiguration section */
		FFEC31A31C46B4EB0080A80E /* Debug */ = {
			isa = XCBuildConfiguration;
			buildSettings = {
				ALWAYS_SEARCH_USER_PATHS = NO;
				CLANG_CXX_LANGUAGE_STANDARD = "gnu++0x";
				CLANG_CXX_LIBRARY = "libc++";
				CLANG_ENABLE_MODULES = YES;
				CLANG_ENABLE_OBJC_ARC = YES;
				CLANG_WARN_BOOL_CONVERSION = YES;
				CLANG_WARN_CONSTANT_CONVERSION = YES;
				CLANG_WARN_DIRECT_OBJC_ISA_USAGE = YES_ERROR;
				CLANG_WARN_EMPTY_BODY = YES;
				CLANG_WARN_ENUM_CONVERSION = YES;
				CLANG_WARN_INT_CONVERSION = YES;
				CLANG_WARN_OBJC_ROOT_CLASS = YES_ERROR;
				CLANG_WARN_UNREACHABLE_CODE = YES;
				CLANG_WARN__DUPLICATE_METHOD_MATCH = YES;
				"CODE_SIGN_IDENTITY[sdk=iphoneos*]" = "iPhone Developer";
				COPY_PHASE_STRIP = NO;
				DEBUG_INFORMATION_FORMAT = dwarf;
				ENABLE_STRICT_OBJC_MSGSEND = YES;
				ENABLE_TESTABILITY = YES;
				GCC_C_LANGUAGE_STANDARD = gnu99;
				GCC_DYNAMIC_NO_PIC = NO;
				GCC_NO_COMMON_BLOCKS = YES;
				GCC_OPTIMIZATION_LEVEL = 0;
				GCC_PREPROCESSOR_DEFINITIONS = (
					"DEBUG=1",
					"$(inherited)",
				);
				GCC_WARN_64_TO_32_BIT_CONVERSION = YES;
				GCC_WARN_ABOUT_RETURN_TYPE = YES_ERROR;
				GCC_WARN_UNDECLARED_SELECTOR = YES;
				GCC_WARN_UNINITIALIZED_AUTOS = YES_AGGRESSIVE;
				GCC_WARN_UNUSED_FUNCTION = YES;
				GCC_WARN_UNUSED_VARIABLE = YES;
				INSTALL_PATH = /usr/local/lib;
				IPHONEOS_DEPLOYMENT_TARGET = 9.1;
				MTL_ENABLE_DEBUG_INFO = YES;
				ONLY_ACTIVE_ARCH = YES;
				PUBLIC_HEADERS_FOLDER_PATH = /usr/local/include;
				SDKROOT = iphoneos;
			};
			name = Debug;
		};
		FFEC31A41C46B4EB0080A80E /* Release */ = {
			isa = XCBuildConfiguration;
			buildSettings = {
				ALWAYS_SEARCH_USER_PATHS = NO;
				CLANG_CXX_LANGUAGE_STANDARD = "gnu++0x";
				CLANG_CXX_LIBRARY = "libc++";
				CLANG_ENABLE_MODULES = YES;
				CLANG_ENABLE_OBJC_ARC = YES;
				CLANG_WARN_BOOL_CONVERSION = YES;
				CLANG_WARN_CONSTANT_CONVERSION = YES;
				CLANG_WARN_DIRECT_OBJC_ISA_USAGE = YES_ERROR;
				CLANG_WARN_EMPTY_BODY = YES;
				CLANG_WARN_ENUM_CONVERSION = YES;
				CLANG_WARN_INT_CONVERSION = YES;
				CLANG_WARN_OBJC_ROOT_CLASS = YES_ERROR;
				CLANG_WARN_UNREACHABLE_CODE = YES;
				CLANG_WARN__DUPLICATE_METHOD_MATCH = YES;
				"CODE_SIGN_IDENTITY[sdk=iphoneos*]" = "iPhone Developer";
				COPY_PHASE_STRIP = NO;
				DEBUG_INFORMATION_FORMAT = "dwarf-with-dsym";
				ENABLE_NS_ASSERTIONS = NO;
				ENABLE_STRICT_OBJC_MSGSEND = YES;
				GCC_C_LANGUAGE_STANDARD = gnu99;
				GCC_NO_COMMON_BLOCKS = YES;
				GCC_WARN_64_TO_32_BIT_CONVERSION = YES;
				GCC_WARN_ABOUT_RETURN_TYPE = YES_ERROR;
				GCC_WARN_UNDECLARED_SELECTOR = YES;
				GCC_WARN_UNINITIALIZED_AUTOS = YES_AGGRESSIVE;
				GCC_WARN_UNUSED_FUNCTION = YES;
				GCC_WARN_UNUSED_VARIABLE = YES;
				INSTALL_PATH = /usr/local/lib;
				IPHONEOS_DEPLOYMENT_TARGET = 9.1;
				MTL_ENABLE_DEBUG_INFO = NO;
				PUBLIC_HEADERS_FOLDER_PATH = /usr/local/include;
				SDKROOT = iphoneos;
				VALIDATE_PRODUCT = YES;
			};
			name = Release;
		};
		FFEC31A61C46B4EB0080A80E /* Debug */ = {
			isa = XCBuildConfiguration;
			buildSettings = {
				HEADER_SEARCH_PATHS = (
					"$(SRCROOT)/../../React/**",
					"$(inherited)",
					"$(SRCROOT)/node_modules/react-native/React/**",
					"$(SRCROOT)/../react-native/React/**",
					"$(SRCROOT)/../../../node_modules/react-native/React/**",
				);
				OTHER_LDFLAGS = "-ObjC";
				PRODUCT_NAME = "$(TARGET_NAME)";
				SKIP_INSTALL = YES;
			};
			name = Debug;
		};
		FFEC31A71C46B4EB0080A80E /* Release */ = {
			isa = XCBuildConfiguration;
			buildSettings = {
				HEADER_SEARCH_PATHS = (
					"$(SRCROOT)/../../React/**",
					"$(inherited)",
					"$(SRCROOT)/node_modules/react-native/React/**",
					"$(SRCROOT)/../react-native/React/**",
					"$(SRCROOT)/../../../node_modules/react-native/React/**",
				);
				OTHER_LDFLAGS = "-ObjC";
				PRODUCT_NAME = "$(TARGET_NAME)";
				SKIP_INSTALL = YES;
			};
			name = Release;
		};
/* End XCBuildConfiguration section */

/* Begin XCConfigurationList section */
		FFEC31971C46B4EB0080A80E /* Build configuration list for PBXProject "RNiTunes" */ = {
			isa = XCConfigurationList;
			buildConfigurations = (
				FFEC31A31C46B4EB0080A80E /* Debug */,
				FFEC31A41C46B4EB0080A80E /* Release */,
			);
			defaultConfigurationIsVisible = 0;
			defaultConfigurationName = Release;
		};
		FFEC31A51C46B4EB0080A80E /* Build configuration list for PBXNativeTarget "RNiTunes" */ = {
			isa = XCConfigurationList;
			buildConfigurations = (
				FFEC31A61C46B4EB0080A80E /* Debug */,
				FFEC31A71C46B4EB0080A80E /* Release */,
			);
			defaultConfigurationIsVisible = 0;
			defaultConfigurationName = Release;
		};
/* End XCConfigurationList section */
	};
	rootObject = FFEC31941C46B4EB0080A80E /* Project object */;
}
